
Microsoft Visual Studio Solution File, Format Version 12.00
# Visual Studio 15
VisualStudioVersion = 15.0.26730.16
MinimumVisualStudioVersion = 10.0.40219.1
Project("{FAE04EC0-301F-11D3-BF4B-00C04F79EFBC}") = "Comparator", "Comparator\Comparator.csproj", "{02D02EB1-9759-4229-930A-6A0828F4E1A0}"
EndProject
Global
	GlobalSection(SolutionConfigurationPlatforms) = preSolution
		Debug|Any CPU = Debug|Any CPU
		Release|Any CPU = Release|Any CPU
	EndGlobalSection
	GlobalSection(ProjectConfigurationPlatforms) = postSolution
		{02D02EB1-9759-4229-930A-6A0828F4E1A0}.Debug|Any CPU.ActiveCfg = Debug|Any CPU
		{02D02EB1-9759-4229-930A-6A0828F4E1A0}.Debug|Any CPU.Build.0 = Debug|Any CPU
		{02D02EB1-9759-4229-930A-6A0828F4E1A0}.Release|Any CPU.ActiveCfg = Release|Any CPU
		{02D02EB1-9759-4229-930A-6A0828F4E1A0}.Release|Any CPU.Build.0 = Release|Any CPU
	EndGlobalSection
	GlobalSection(SolutionProperties) = preSolution
		HideSolutionNode = FALSE
	EndGlobalSection
	GlobalSection(ExtensibilityGlobals) = postSolution
		SolutionGuid = {CC461366-97DD-456A-BF1E-2FC71523B327}
	EndGlobalSection
EndGlobal
